// !$*UTF8*$!
{
	archiveVersion = 1;
	classes = {
	};
	objectVersion = 55;
	objects = {

/* Begin PBXBuildFile section */
		361C1789286B5D0E00124274 /* Colours.xcassets in Resources */ = {isa = PBXBuildFile; fileRef = 361C1788286B5D0E00124274 /* Colours.xcassets */; };
		361C178C286B614900124274 /* HomeCellModel.swift in Sources */ = {isa = PBXBuildFile; fileRef = 361C178B286B614900124274 /* HomeCellModel.swift */; };
		361C178E286B6DA100124274 /* MapView.swift in Sources */ = {isa = PBXBuildFile; fileRef = 361C178D286B6DA100124274 /* MapView.swift */; };
		36320B3B286B5241004E1DAE /* DataBase in Frameworks */ = {isa = PBXBuildFile; productRef = 36320B3A286B5241004E1DAE /* DataBase */; };
		36BFA135286B24E800B2568A /* DarioWeatherApp.swift in Sources */ = {isa = PBXBuildFile; fileRef = 36BFA134286B24E800B2568A /* DarioWeatherApp.swift */; };
		36BFA137286B24E800B2568A /* HomeView.swift in Sources */ = {isa = PBXBuildFile; fileRef = 36BFA136286B24E800B2568A /* HomeView.swift */; };
		36BFA139286B24EB00B2568A /* Assets.xcassets in Resources */ = {isa = PBXBuildFile; fileRef = 36BFA138286B24EB00B2568A /* Assets.xcassets */; };
		36BFA13C286B24EB00B2568A /* Preview Assets.xcassets in Resources */ = {isa = PBXBuildFile; fileRef = 36BFA13B286B24EB00B2568A /* Preview Assets.xcassets */; };
		36BFA146286B257E00B2568A /* ForecastView.swift in Sources */ = {isa = PBXBuildFile; fileRef = 36BFA145286B257E00B2568A /* ForecastView.swift */; };
		36BFA14B286B26E700B2568A /* WeatherNetwork in Frameworks */ = {isa = PBXBuildFile; productRef = 36BFA14A286B26E700B2568A /* WeatherNetwork */; };
		36BFA14F286B3B7500B2568A /* HomeViewModel.swift in Sources */ = {isa = PBXBuildFile; fileRef = 36BFA14E286B3B7500B2568A /* HomeViewModel.swift */; };
		36BFA151286B4B5500B2568A /* HomeCell.swift in Sources */ = {isa = PBXBuildFile; fileRef = 36BFA150286B4B5500B2568A /* HomeCell.swift */; };
		36E59D29286B73B800E80655 /* MapViewModel.swift in Sources */ = {isa = PBXBuildFile; fileRef = 36E59D28286B73B800E80655 /* MapViewModel.swift */; };
/* End PBXBuildFile section */

/* Begin PBXFileReference section */
		361C1788286B5D0E00124274 /* Colours.xcassets */ = {isa = PBXFileReference; lastKnownFileType = folder.assetcatalog; path = Colours.xcassets; sourceTree = "<group>"; };
		361C178A286B5F2B00124274 /* Info.plist */ = {isa = PBXFileReference; lastKnownFileType = text.plist; path = Info.plist; sourceTree = "<group>"; };
		361C178B286B614900124274 /* HomeCellModel.swift */ = {isa = PBXFileReference; lastKnownFileType = sourcecode.swift; path = HomeCellModel.swift; sourceTree = "<group>"; };
		361C178D286B6DA100124274 /* MapView.swift */ = {isa = PBXFileReference; lastKnownFileType = sourcecode.swift; path = MapView.swift; sourceTree = "<group>"; };
		36BFA131286B24E800B2568A /* DarioWeather.app */ = {isa = PBXFileReference; explicitFileType = wrapper.application; includeInIndex = 0; path = DarioWeather.app; sourceTree = BUILT_PRODUCTS_DIR; };
		36BFA134286B24E800B2568A /* DarioWeatherApp.swift */ = {isa = PBXFileReference; lastKnownFileType = sourcecode.swift; path = DarioWeatherApp.swift; sourceTree = "<group>"; };
		36BFA136286B24E800B2568A /* HomeView.swift */ = {isa = PBXFileReference; lastKnownFileType = sourcecode.swift; path = HomeView.swift; sourceTree = "<group>"; };
		36BFA138286B24EB00B2568A /* Assets.xcassets */ = {isa = PBXFileReference; lastKnownFileType = folder.assetcatalog; path = Assets.xcassets; sourceTree = "<group>"; };
		36BFA13B286B24EB00B2568A /* Preview Assets.xcassets */ = {isa = PBXFileReference; lastKnownFileType = folder.assetcatalog; path = "Preview Assets.xcassets"; sourceTree = "<group>"; };
		36BFA145286B257E00B2568A /* ForecastView.swift */ = {isa = PBXFileReference; lastKnownFileType = sourcecode.swift; path = ForecastView.swift; sourceTree = "<group>"; };
		36BFA14E286B3B7500B2568A /* HomeViewModel.swift */ = {isa = PBXFileReference; lastKnownFileType = sourcecode.swift; path = HomeViewModel.swift; sourceTree = "<group>"; };
		36BFA150286B4B5500B2568A /* HomeCell.swift */ = {isa = PBXFileReference; lastKnownFileType = sourcecode.swift; path = HomeCell.swift; sourceTree = "<group>"; };
		36E59D28286B73B800E80655 /* MapViewModel.swift */ = {isa = PBXFileReference; lastKnownFileType = sourcecode.swift; path = MapViewModel.swift; sourceTree = "<group>"; };
/* End PBXFileReference section */

/* Begin PBXFrameworksBuildPhase section */
		36BFA12E286B24E800B2568A /* Frameworks */ = {
			isa = PBXFrameworksBuildPhase;
			buildActionMask = 2147483647;
			files = (
				36BFA14B286B26E700B2568A /* WeatherNetwork in Frameworks */,
				36320B3B286B5241004E1DAE /* DataBase in Frameworks */,
			);
			runOnlyForDeploymentPostprocessing = 0;
		};
/* End PBXFrameworksBuildPhase section */

/* Begin PBXGroup section */
		361C1786286B5AA100124274 /* ForecastModule */ = {
			isa = PBXGroup;
			children = (
				36BFA145286B257E00B2568A /* ForecastView.swift */,
			);
			path = ForecastModule;
			sourceTree = "<group>";
		};
		361C1787286B5C6400124274 /* Resources */ = {
			isa = PBXGroup;
			children = (
				36BFA138286B24EB00B2568A /* Assets.xcassets */,
				36BFA13B286B24EB00B2568A /* Preview Assets.xcassets */,
				361C1788286B5D0E00124274 /* Colours.xcassets */,
			);
			path = Resources;
			sourceTree = "<group>";
		};
		36320B3C286B5341004E1DAE /* Cell */ = {
			isa = PBXGroup;
			children = (
				36BFA150286B4B5500B2568A /* HomeCell.swift */,
				361C178B286B614900124274 /* HomeCellModel.swift */,
			);
			path = Cell;
			sourceTree = "<group>";
		};
		36BFA128286B24E800B2568A = {
			isa = PBXGroup;
			children = (
				36BFA133286B24E800B2568A /* DarioWeather */,
				36BFA132286B24E800B2568A /* Products */,
				36BFA149286B26E700B2568A /* Frameworks */,
			);
			sourceTree = "<group>";
		};
		36BFA132286B24E800B2568A /* Products */ = {
			isa = PBXGroup;
			children = (
				36BFA131286B24E800B2568A /* DarioWeather.app */,
			);
			name = Products;
			sourceTree = "<group>";
		};
		36BFA133286B24E800B2568A /* DarioWeather */ = {
			isa = PBXGroup;
			children = (
				361C178A286B5F2B00124274 /* Info.plist */,
				361C1787286B5C6400124274 /* Resources */,
				36BFA142286B251100B2568A /* Modules */,
				36BFA134286B24E800B2568A /* DarioWeatherApp.swift */,
			);
			path = DarioWeather;
			sourceTree = "<group>";
		};
		36BFA142286B251100B2568A /* Modules */ = {
			isa = PBXGroup;
			children = (
				36E59D27286B73A400E80655 /* MapModule */,
				361C1786286B5AA100124274 /* ForecastModule */,
				36BFA14C286B3B5400B2568A /* HomeModule */,
			);
			path = Modules;
			sourceTree = "<group>";
		};
		36BFA149286B26E700B2568A /* Frameworks */ = {
			isa = PBXGroup;
			children = (
			);
			name = Frameworks;
			sourceTree = "<group>";
		};
		36BFA14C286B3B5400B2568A /* HomeModule */ = {
			isa = PBXGroup;
			children = (
				36320B3C286B5341004E1DAE /* Cell */,
				36BFA136286B24E800B2568A /* HomeView.swift */,
				36BFA14E286B3B7500B2568A /* HomeViewModel.swift */,
			);
			path = HomeModule;
			sourceTree = "<group>";
		};
		36E59D27286B73A400E80655 /* MapModule */ = {
			isa = PBXGroup;
			children = (
				361C178D286B6DA100124274 /* MapView.swift */,
				36E59D28286B73B800E80655 /* MapViewModel.swift */,
			);
			path = MapModule;
			sourceTree = "<group>";
		};
/* End PBXGroup section */

/* Begin PBXNativeTarget section */
		36BFA130286B24E800B2568A /* DarioWeather */ = {
			isa = PBXNativeTarget;
			buildConfigurationList = 36BFA13F286B24EB00B2568A /* Build configuration list for PBXNativeTarget "DarioWeather" */;
			buildPhases = (
				36BFA12D286B24E800B2568A /* Sources */,
				36BFA12E286B24E800B2568A /* Frameworks */,
				36BFA12F286B24E800B2568A /* Resources */,
			);
			buildRules = (
			);
			dependencies = (
			);
			name = DarioWeather;
			packageProductDependencies = (
				36BFA14A286B26E700B2568A /* WeatherNetwork */,
				36320B3A286B5241004E1DAE /* DataBase */,
			);
			productName = DarioWeather;
			productReference = 36BFA131286B24E800B2568A /* DarioWeather.app */;
			productType = "com.apple.product-type.application";
		};
/* End PBXNativeTarget section */

/* Begin PBXProject section */
		36BFA129286B24E800B2568A /* Project object */ = {
			isa = PBXProject;
			attributes = {
				BuildIndependentTargetsInParallel = 1;
				LastSwiftUpdateCheck = 1340;
				LastUpgradeCheck = 1340;
				TargetAttributes = {
					36BFA130286B24E800B2568A = {
						CreatedOnToolsVersion = 13.4.1;
					};
				};
			};
			buildConfigurationList = 36BFA12C286B24E800B2568A /* Build configuration list for PBXProject "DarioWeather" */;
			compatibilityVersion = "Xcode 13.0";
			developmentRegion = en;
			hasScannedForEncodings = 0;
			knownRegions = (
				en,
				Base,
			);
			mainGroup = 36BFA128286B24E800B2568A;
			productRefGroup = 36BFA132286B24E800B2568A /* Products */;
			projectDirPath = "";
			projectRoot = "";
			targets = (
				36BFA130286B24E800B2568A /* DarioWeather */,
			);
		};
/* End PBXProject section */

/* Begin PBXResourcesBuildPhase section */
		36BFA12F286B24E800B2568A /* Resources */ = {
			isa = PBXResourcesBuildPhase;
			buildActionMask = 2147483647;
			files = (
				36BFA13C286B24EB00B2568A /* Preview Assets.xcassets in Resources */,
				361C1789286B5D0E00124274 /* Colours.xcassets in Resources */,
				36BFA139286B24EB00B2568A /* Assets.xcassets in Resources */,
			);
			runOnlyForDeploymentPostprocessing = 0;
		};
/* End PBXResourcesBuildPhase section */

/* Begin PBXSourcesBuildPhase section */
		36BFA12D286B24E800B2568A /* Sources */ = {
			isa = PBXSourcesBuildPhase;
			buildActionMask = 2147483647;
			files = (
				361C178E286B6DA100124274 /* MapView.swift in Sources */,
				36BFA137286B24E800B2568A /* HomeView.swift in Sources */,
				36BFA135286B24E800B2568A /* DarioWeatherApp.swift in Sources */,
				361C178C286B614900124274 /* HomeCellModel.swift in Sources */,
				36BFA146286B257E00B2568A /* ForecastView.swift in Sources */,
				36BFA14F286B3B7500B2568A /* HomeViewModel.swift in Sources */,
				36BFA151286B4B5500B2568A /* HomeCell.swift in Sources */,
				36E59D29286B73B800E80655 /* MapViewModel.swift in Sources */,
			);
			runOnlyForDeploymentPostprocessing = 0;
		};
/* End PBXSourcesBuildPhase section */

/* Begin XCBuildConfiguration section */
		36BFA13D286B24EB00B2568A /* Debug */ = {
			isa = XCBuildConfiguration;
			buildSettings = {
				ALWAYS_SEARCH_USER_PATHS = NO;
				CLANG_ANALYZER_NONNULL = YES;
				CLANG_ANALYZER_NUMBER_OBJECT_CONVERSION = YES_AGGRESSIVE;
				CLANG_CXX_LANGUAGE_STANDARD = "gnu++17";
				CLANG_ENABLE_MODULES = YES;
				CLANG_ENABLE_OBJC_ARC = YES;
				CLANG_ENABLE_OBJC_WEAK = YES;
				CLANG_WARN_BLOCK_CAPTURE_AUTORELEASING = YES;
				CLANG_WARN_BOOL_CONVERSION = YES;
				CLANG_WARN_COMMA = YES;
				CLANG_WARN_CONSTANT_CONVERSION = YES;
				CLANG_WARN_DEPRECATED_OBJC_IMPLEMENTATIONS = YES;
				CLANG_WARN_DIRECT_OBJC_ISA_USAGE = YES_ERROR;
				CLANG_WARN_DOCUMENTATION_COMMENTS = YES;
				CLANG_WARN_EMPTY_BODY = YES;
				CLANG_WARN_ENUM_CONVERSION = YES;
				CLANG_WARN_INFINITE_RECURSION = YES;
				CLANG_WARN_INT_CONVERSION = YES;
				CLANG_WARN_NON_LITERAL_NULL_CONVERSION = YES;
				CLANG_WARN_OBJC_IMPLICIT_RETAIN_SELF = YES;
				CLANG_WARN_OBJC_LITERAL_CONVERSION = YES;
				CLANG_WARN_OBJC_ROOT_CLASS = YES_ERROR;
				CLANG_WARN_QUOTED_INCLUDE_IN_FRAMEWORK_HEADER = YES;
				CLANG_WARN_RANGE_LOOP_ANALYSIS = YES;
				CLANG_WARN_STRICT_PROTOTYPES = YES;
				CLANG_WARN_SUSPICIOUS_MOVE = YES;
				CLANG_WARN_UNGUARDED_AVAILABILITY = YES_AGGRESSIVE;
				CLANG_WARN_UNREACHABLE_CODE = YES;
				CLANG_WARN__DUPLICATE_METHOD_MATCH = YES;
				COPY_PHASE_STRIP = NO;
				DEBUG_INFORMATION_FORMAT = dwarf;
				ENABLE_STRICT_OBJC_MSGSEND = YES;
				ENABLE_TESTABILITY = YES;
				GCC_C_LANGUAGE_STANDARD = gnu11;
				GCC_DYNAMIC_NO_PIC = NO;
				GCC_NO_COMMON_BLOCKS = YES;
				GCC_OPTIMIZATION_LEVEL = 0;
				GCC_PREPROCESSOR_DEFINITIONS = (
					"DEBUG=1",
					"$(inherited)",
				);
				GCC_WARN_64_TO_32_BIT_CONVERSION = YES;
				GCC_WARN_ABOUT_RETURN_TYPE = YES_ERROR;
				GCC_WARN_UNDECLARED_SELECTOR = YES;
				GCC_WARN_UNINITIALIZED_AUTOS = YES_AGGRESSIVE;
				GCC_WARN_UNUSED_FUNCTION = YES;
				GCC_WARN_UNUSED_VARIABLE = YES;
				IPHONEOS_DEPLOYMENT_TARGET = 15.0;
				MTL_ENABLE_DEBUG_INFO = INCLUDE_SOURCE;
				MTL_FAST_MATH = YES;
				ONLY_ACTIVE_ARCH = YES;
				SDKROOT = iphoneos;
				SWIFT_ACTIVE_COMPILATION_CONDITIONS = DEBUG;
				SWIFT_OPTIMIZATION_LEVEL = "-Onone";
			};
			name = Debug;
		};
		36BFA13E286B24EB00B2568A /* Release */ = {
			isa = XCBuildConfiguration;
			buildSettings = {
				ALWAYS_SEARCH_USER_PATHS = NO;
				CLANG_ANALYZER_NONNULL = YES;
				CLANG_ANALYZER_NUMBER_OBJECT_CONVERSION = YES_AGGRESSIVE;
				CLANG_CXX_LANGUAGE_STANDARD = "gnu++17";
				CLANG_ENABLE_MODULES = YES;
				CLANG_ENABLE_OBJC_ARC = YES;
				CLANG_ENABLE_OBJC_WEAK = YES;
				CLANG_WARN_BLOCK_CAPTURE_AUTORELEASING = YES;
				CLANG_WARN_BOOL_CONVERSION = YES;
				CLANG_WARN_COMMA = YES;
				CLANG_WARN_CONSTANT_CONVERSION = YES;
				CLANG_WARN_DEPRECATED_OBJC_IMPLEMENTATIONS = YES;
				CLANG_WARN_DIRECT_OBJC_ISA_USAGE = YES_ERROR;
				CLANG_WARN_DOCUMENTATION_COMMENTS = YES;
				CLANG_WARN_EMPTY_BODY = YES;
				CLANG_WARN_ENUM_CONVERSION = YES;
				CLANG_WARN_INFINITE_RECURSION = YES;
				CLANG_WARN_INT_CONVERSION = YES;
				CLANG_WARN_NON_LITERAL_NULL_CONVERSION = YES;
				CLANG_WARN_OBJC_IMPLICIT_RETAIN_SELF = YES;
				CLANG_WARN_OBJC_LITERAL_CONVERSION = YES;
				CLANG_WARN_OBJC_ROOT_CLASS = YES_ERROR;
				CLANG_WARN_QUOTED_INCLUDE_IN_FRAMEWORK_HEADER = YES;
				CLANG_WARN_RANGE_LOOP_ANALYSIS = YES;
				CLANG_WARN_STRICT_PROTOTYPES = YES;
				CLANG_WARN_SUSPICIOUS_MOVE = YES;
				CLANG_WARN_UNGUARDED_AVAILABILITY = YES_AGGRESSIVE;
				CLANG_WARN_UNREACHABLE_CODE = YES;
				CLANG_WARN__DUPLICATE_METHOD_MATCH = YES;
				COPY_PHASE_STRIP = NO;
				DEBUG_INFORMATION_FORMAT = "dwarf-with-dsym";
				ENABLE_NS_ASSERTIONS = NO;
				ENABLE_STRICT_OBJC_MSGSEND = YES;
				GCC_C_LANGUAGE_STANDARD = gnu11;
				GCC_NO_COMMON_BLOCKS = YES;
				GCC_WARN_64_TO_32_BIT_CONVERSION = YES;
				GCC_WARN_ABOUT_RETURN_TYPE = YES_ERROR;
				GCC_WARN_UNDECLARED_SELECTOR = YES;
				GCC_WARN_UNINITIALIZED_AUTOS = YES_AGGRESSIVE;
				GCC_WARN_UNUSED_FUNCTION = YES;
				GCC_WARN_UNUSED_VARIABLE = YES;
				IPHONEOS_DEPLOYMENT_TARGET = 15.0;
				MTL_ENABLE_DEBUG_INFO = NO;
				MTL_FAST_MATH = YES;
				SDKROOT = iphoneos;
				SWIFT_COMPILATION_MODE = wholemodule;
				SWIFT_OPTIMIZATION_LEVEL = "-O";
				VALIDATE_PRODUCT = YES;
			};
			name = Release;
		};
		36BFA140286B24EB00B2568A /* Debug */ = {
			isa = XCBuildConfiguration;
			buildSettings = {
				ASSETCATALOG_COMPILER_APPICON_NAME = AppIcon;
				ASSETCATALOG_COMPILER_GLOBAL_ACCENT_COLOR_NAME = AccentColor;
				CODE_SIGN_STYLE = Manual;
				CURRENT_PROJECT_VERSION = 1;
				DEVELOPMENT_ASSET_PATHS = "DarioWeather/Resources/Preview\\ Assets.xcassets";
				DEVELOPMENT_TEAM = "";
				ENABLE_PREVIEWS = YES;
				GENERATE_INFOPLIST_FILE = YES;
				INFOPLIST_FILE = DarioWeather/Info.plist;
				INFOPLIST_KEY_UIApplicationSceneManifest_Generation = YES;
				INFOPLIST_KEY_UIApplicationSupportsIndirectInputEvents = YES;
				INFOPLIST_KEY_UILaunchScreen_Generation = YES;
				INFOPLIST_KEY_UISupportedInterfaceOrientations = UIInterfaceOrientationPortrait;
				INFOPLIST_KEY_UISupportedInterfaceOrientations_iPad = "UIInterfaceOrientationPortrait UIInterfaceOrientationPortraitUpsideDown UIInterfaceOrientationLandscapeLeft UIInterfaceOrientationLandscapeRight";
				INFOPLIST_KEY_UISupportedInterfaceOrientations_iPhone = "UIInterfaceOrientationPortrait UIInterfaceOrientationLandscapeLeft UIInterfaceOrientationLandscapeRight";
				IPHONEOS_DEPLOYMENT_TARGET = 15.0;
				LD_RUNPATH_SEARCH_PATHS = (
					"$(inherited)",
					"@executable_path/Frameworks",
				);
				MARKETING_VERSION = 1.0;
				PRODUCT_BUNDLE_IDENTIFIER = com.illiahorevoi.DarioWeather;
				PRODUCT_NAME = "$(TARGET_NAME)";
				PROVISIONING_PROFILE_SPECIFIER = "";
				SWIFT_EMIT_LOC_STRINGS = YES;
				SWIFT_VERSION = 5.0;
				TARGETED_DEVICE_FAMILY = 1;
			};
			name = Debug;
		};
		36BFA141286B24EB00B2568A /* Release */ = {
			isa = XCBuildConfiguration;
			buildSettings = {
				ASSETCATALOG_COMPILER_APPICON_NAME = AppIcon;
				ASSETCATALOG_COMPILER_GLOBAL_ACCENT_COLOR_NAME = AccentColor;
				CODE_SIGN_STYLE = Manual;
				CURRENT_PROJECT_VERSION = 1;
				DEVELOPMENT_ASSET_PATHS = "DarioWeather/Resources/Preview\\ Assets.xcassets";
				DEVELOPMENT_TEAM = "";
				ENABLE_PREVIEWS = YES;
				GENERATE_INFOPLIST_FILE = YES;
				INFOPLIST_FILE = DarioWeather/Info.plist;
				INFOPLIST_KEY_UIApplicationSceneManifest_Generation = YES;
				INFOPLIST_KEY_UIApplicationSupportsIndirectInputEvents = YES;
				INFOPLIST_KEY_UILaunchScreen_Generation = YES;
				INFOPLIST_KEY_UISupportedInterfaceOrientations = UIInterfaceOrientationPortrait;
				INFOPLIST_KEY_UISupportedInterfaceOrientations_iPad = "UIInterfaceOrientationPortrait UIInterfaceOrientationPortraitUpsideDown UIInterfaceOrientationLandscapeLeft UIInterfaceOrientationLandscapeRight";
				INFOPLIST_KEY_UISupportedInterfaceOrientations_iPhone = "UIInterfaceOrientationPortrait UIInterfaceOrientationLandscapeLeft UIInterfaceOrientationLandscapeRight";
				IPHONEOS_DEPLOYMENT_TARGET = 15.0;
				LD_RUNPATH_SEARCH_PATHS = (
					"$(inherited)",
					"@executable_path/Frameworks",
				);
				MARKETING_VERSION = 1.0;
				PRODUCT_BUNDLE_IDENTIFIER = com.illiahorevoi.DarioWeather;
				PRODUCT_NAME = "$(TARGET_NAME)";
				PROVISIONING_PROFILE_SPECIFIER = "";
				SWIFT_EMIT_LOC_STRINGS = YES;
				SWIFT_VERSION = 5.0;
				TARGETED_DEVICE_FAMILY = 1;
			};
			name = Release;
		};
/* End XCBuildConfiguration section */

/* Begin XCConfigurationList section */
		36BFA12C286B24E800B2568A /* Build configuration list for PBXProject "DarioWeather" */ = {
			isa = XCConfigurationList;
			buildConfigurations = (
				36BFA13D286B24EB00B2568A /* Debug */,
				36BFA13E286B24EB00B2568A /* Release */,
			);
			defaultConfigurationIsVisible = 0;
			defaultConfigurationName = Release;
		};
		36BFA13F286B24EB00B2568A /* Build configuration list for PBXNativeTarget "DarioWeather" */ = {
			isa = XCConfigurationList;
			buildConfigurations = (
				36BFA140286B24EB00B2568A /* Debug */,
				36BFA141286B24EB00B2568A /* Release */,
			);
			defaultConfigurationIsVisible = 0;
			defaultConfigurationName = Release;
		};
/* End XCConfigurationList section */

/* Begin XCSwiftPackageProductDependency section */
		36320B3A286B5241004E1DAE /* DataBase */ = {
			isa = XCSwiftPackageProductDependency;
			productName = DataBase;
		};
		36BFA14A286B26E700B2568A /* WeatherNetwork */ = {
			isa = XCSwiftPackageProductDependency;
			productName = WeatherNetwork;
		};
/* End XCSwiftPackageProductDependency section */
	};
	rootObject = 36BFA129286B24E800B2568A /* Project object */;
}
